
Microsoft Visual Studio Solution File, Format Version 12.00
# Visual Studio 15
VisualStudioVersion = 15.0.34031.82
MinimumVisualStudioVersion = 10.0.40219.1
Project("{8BC9CEB8-8B4A-11D0-8D11-00A0C91BC942}") = "fig03_01", "fig03_01\fig03_01.vcxproj", "{7C531C08-6F29-4295-B967-2E1121799DA4}"
EndProject
Project("{8BC9CEB8-8B4A-11D0-8D11-00A0C91BC942}") = "fig03_03", "fig03_03\fig03_03.vcxproj", "{B6C3379D-8835-4F45-BBCC-953DE7B5F05B}"
EndProject
Project("{8BC9CEB8-8B4A-11D0-8D11-00A0C91BC942}") = "fig03_05", "fig03_05\fig03_05.vcxproj", "{E1171C55-7FA5-4625-A28B-E585D3C4C2C2}"
EndProject
Project("{8BC9CEB8-8B4A-11D0-8D11-00A0C91BC942}") = "fig03_07", "fig03_07\fig03_07.vcxproj", "{8228DA4C-DB08-4683-934A-A0E70127A060}"
EndProject
Project("{8BC9CEB8-8B4A-11D0-8D11-00A0C91BC942}") = "fig03_09", "fig03_09\fig03_09.vcxproj", "{C643C867-10F7-45A9-AD14-99FE24200B4E}"
EndProject
Project("{8BC9CEB8-8B4A-11D0-8D11-00A0C91BC942}") = "fig03_13", "fig03_13\fig03_13.vcxproj", "{B88BBA1E-4E57-4E49-9232-C2CC827B11DB}"
EndProject
Project("{8BC9CEB8-8B4A-11D0-8D11-00A0C91BC942}") = "fig03_17", "fig03_17\fig03_17.vcxproj", "{B0496579-4C69-46B6-A78A-F8DC42146B51}"
EndProject
Project("{8BC9CEB8-8B4A-11D0-8D11-00A0C91BC942}") = "fig04_10", "fig04_10\fig04_10.vcxproj", "{F1EB00E3-4511-4C62-A1FF-4BD71B68D4C1}"
EndProject
Global
	GlobalSection(SolutionConfigurationPlatforms) = preSolution
		Debug|x64 = Debug|x64
		Debug|x86 = Debug|x86
		Release|x64 = Release|x64
		Release|x86 = Release|x86
	EndGlobalSection
	GlobalSection(ProjectConfigurationPlatforms) = postSolution
		{7C531C08-6F29-4295-B967-2E1121799DA4}.Debug|x64.ActiveCfg = Debug|x64
		{7C531C08-6F29-4295-B967-2E1121799DA4}.Debug|x64.Build.0 = Debug|x64
		{7C531C08-6F29-4295-B967-2E1121799DA4}.Debug|x86.ActiveCfg = Debug|Win32
		{7C531C08-6F29-4295-B967-2E1121799DA4}.Debug|x86.Build.0 = Debug|Win32
		{7C531C08-6F29-4295-B967-2E1121799DA4}.Release|x64.ActiveCfg = Release|x64
		{7C531C08-6F29-4295-B967-2E1121799DA4}.Release|x64.Build.0 = Release|x64
		{7C531C08-6F29-4295-B967-2E1121799DA4}.Release|x86.ActiveCfg = Release|Win32
		{7C531C08-6F29-4295-B967-2E1121799DA4}.Release|x86.Build.0 = Release|Win32
		{B6C3379D-8835-4F45-BBCC-953DE7B5F05B}.Debug|x64.ActiveCfg = Debug|x64
		{B6C3379D-8835-4F45-BBCC-953DE7B5F05B}.Debug|x64.Build.0 = Debug|x64
		{B6C3379D-8835-4F45-BBCC-953DE7B5F05B}.Debug|x86.ActiveCfg = Debug|Win32
		{B6C3379D-8835-4F45-BBCC-953DE7B5F05B}.Debug|x86.Build.0 = Debug|Win32
		{B6C3379D-8835-4F45-BBCC-953DE7B5F05B}.Release|x64.ActiveCfg = Release|x64
		{B6C3379D-8835-4F45-BBCC-953DE7B5F05B}.Release|x64.Build.0 = Release|x64
		{B6C3379D-8835-4F45-BBCC-953DE7B5F05B}.Release|x86.ActiveCfg = Release|Win32
		{B6C3379D-8835-4F45-BBCC-953DE7B5F05B}.Release|x86.Build.0 = Release|Win32
		{E1171C55-7FA5-4625-A28B-E585D3C4C2C2}.Debug|x64.ActiveCfg = Debug|x64
		{E1171C55-7FA5-4625-A28B-E585D3C4C2C2}.Debug|x64.Build.0 = Debug|x64
		{E1171C55-7FA5-4625-A28B-E585D3C4C2C2}.Debug|x86.ActiveCfg = Debug|Win32
		{E1171C55-7FA5-4625-A28B-E585D3C4C2C2}.Debug|x86.Build.0 = Debug|Win32
		{E1171C55-7FA5-4625-A28B-E585D3C4C2C2}.Release|x64.ActiveCfg = Release|x64
		{E1171C55-7FA5-4625-A28B-E585D3C4C2C2}.Release|x64.Build.0 = Release|x64
		{E1171C55-7FA5-4625-A28B-E585D3C4C2C2}.Release|x86.ActiveCfg = Release|Win32
		{E1171C55-7FA5-4625-A28B-E585D3C4C2C2}.Release|x86.Build.0 = Release|Win32
		{8228DA4C-DB08-4683-934A-A0E70127A060}.Debug|x64.ActiveCfg = Debug|x64
		{8228DA4C-DB08-4683-934A-A0E70127A060}.Debug|x64.Build.0 = Debug|x64
		{8228DA4C-DB08-4683-934A-A0E70127A060}.Debug|x86.ActiveCfg = Debug|Win32
		{8228DA4C-DB08-4683-934A-A0E70127A060}.Debug|x86.Build.0 = Debug|Win32
		{8228DA4C-DB08-4683-934A-A0E70127A060}.Release|x64.ActiveCfg = Release|x64
		{8228DA4C-DB08-4683-934A-A0E70127A060}.Release|x64.Build.0 = Release|x64
		{8228DA4C-DB08-4683-934A-A0E70127A060}.Release|x86.ActiveCfg = Release|Win32
		{8228DA4C-DB08-4683-934A-A0E70127A060}.Release|x86.Build.0 = Release|Win32
		{C643C867-10F7-45A9-AD14-99FE24200B4E}.Debug|x64.ActiveCfg = Debug|x64
		{C643C867-10F7-45A9-AD14-99FE24200B4E}.Debug|x64.Build.0 = Debug|x64
		{C643C867-10F7-45A9-AD14-99FE24200B4E}.Debug|x86.ActiveCfg = Debug|Win32
		{C643C867-10F7-45A9-AD14-99FE24200B4E}.Debug|x86.Build.0 = Debug|Win32
		{C643C867-10F7-45A9-AD14-99FE24200B4E}.Release|x64.ActiveCfg = Release|x64
		{C643C867-10F7-45A9-AD14-99FE24200B4E}.Release|x64.Build.0 = Release|x64
		{C643C867-10F7-45A9-AD14-99FE24200B4E}.Release|x86.ActiveCfg = Release|Win32
		{C643C867-10F7-45A9-AD14-99FE24200B4E}.Release|x86.Build.0 = Release|Win32
		{B88BBA1E-4E57-4E49-9232-C2CC827B11DB}.Debug|x64.ActiveCfg = Debug|x64
		{B88BBA1E-4E57-4E49-9232-C2CC827B11DB}.Debug|x64.Build.0 = Debug|x64
		{B88BBA1E-4E57-4E49-9232-C2CC827B11DB}.Debug|x86.ActiveCfg = Debug|Win32
		{B88BBA1E-4E57-4E49-9232-C2CC827B11DB}.Debug|x86.Build.0 = Debug|Win32
		{B88BBA1E-4E57-4E49-9232-C2CC827B11DB}.Release|x64.ActiveCfg = Release|x64
		{B88BBA1E-4E57-4E49-9232-C2CC827B11DB}.Release|x64.Build.0 = Release|x64
		{B88BBA1E-4E57-4E49-9232-C2CC827B11DB}.Release|x86.ActiveCfg = Release|Win32
		{B88BBA1E-4E57-4E49-9232-C2CC827B11DB}.Release|x86.Build.0 = Release|Win32
		{B0496579-4C69-46B6-A78A-F8DC42146B51}.Debug|x64.ActiveCfg = Debug|x64
		{B0496579-4C69-46B6-A78A-F8DC42146B51}.Debug|x64.Build.0 = Debug|x64
		{B0496579-4C69-46B6-A78A-F8DC42146B51}.Debug|x86.ActiveCfg = Debug|Win32
		{B0496579-4C69-46B6-A78A-F8DC42146B51}.Debug|x86.Build.0 = Debug|Win32
		{B0496579-4C69-46B6-A78A-F8DC42146B51}.Release|x64.ActiveCfg = Release|x64
		{B0496579-4C69-46B6-A78A-F8DC42146B51}.Release|x64.Build.0 = Release|x64
		{B0496579-4C69-46B6-A78A-F8DC42146B51}.Release|x86.ActiveCfg = Release|Win32
		{B0496579-4C69-46B6-A78A-F8DC42146B51}.Release|x86.Build.0 = Release|Win32
		{F1EB00E3-4511-4C62-A1FF-4BD71B68D4C1}.Debug|x64.ActiveCfg = Debug|x64
		{F1EB00E3-4511-4C62-A1FF-4BD71B68D4C1}.Debug|x64.Build.0 = Debug|x64
		{F1EB00E3-4511-4C62-A1FF-4BD71B68D4C1}.Debug|x86.ActiveCfg = Debug|Win32
		{F1EB00E3-4511-4C62-A1FF-4BD71B68D4C1}.Debug|x86.Build.0 = Debug|Win32
		{F1EB00E3-4511-4C62-A1FF-4BD71B68D4C1}.Release|x64.ActiveCfg = Release|x64
		{F1EB00E3-4511-4C62-A1FF-4BD71B68D4C1}.Release|x64.Build.0 = Release|x64
		{F1EB00E3-4511-4C62-A1FF-4BD71B68D4C1}.Release|x86.ActiveCfg = Release|Win32
		{F1EB00E3-4511-4C62-A1FF-4BD71B68D4C1}.Release|x86.Build.0 = Release|Win32
	EndGlobalSection
	GlobalSection(SolutionProperties) = preSolution
		HideSolutionNode = FALSE
	EndGlobalSection
	GlobalSection(ExtensibilityGlobals) = postSolution
		SolutionGuid = {666207EC-E5C0-4378-B04D-3F6FAED89DC7}
	EndGlobalSection
EndGlobal
